
Microsoft Visual Studio Solution File, Format Version 12.00
# Visual Studio Version 16
VisualStudioVersion = 16.0.30503.244
MinimumVisualStudioVersion = 10.0.40219.1
Project("{2150E333-8FDC-42A3-9474-1A3956D46DE8}") = "Solution Items", "Solution Items", "{63923B28-F5B9-477D-AF5A-000F7482418F}"
	ProjectSection(SolutionItems) = preProject
		.gitignore = .gitignore
		LICENSE = LICENSE
		README.md = README.md
	EndProjectSection
EndProject
Project("{2150E333-8FDC-42A3-9474-1A3956D46DE8}") = "Tasks", "Tasks", "{F2E7A0A3-E35B-4891-A97C-AABB0CCE2DDB}"
EndProject
Project("{9A19103F-16F7-4668-BE54-9A1E7A4F7556}") = "TeachMeSkills.DotNet.Task2", "src\TeachMeSkills.DotNet.Task2\TeachMeSkills.DotNet.Task2.csproj", "{71F39544-B483-47A4-858E-2A55AB05B998}"
EndProject
Global
	GlobalSection(SolutionConfigurationPlatforms) = preSolution
		Debug|Any CPU = Debug|Any CPU
		Release|Any CPU = Release|Any CPU
	EndGlobalSection
	GlobalSection(ProjectConfigurationPlatforms) = postSolution
		{71F39544-B483-47A4-858E-2A55AB05B998}.Debug|Any CPU.ActiveCfg = Debug|Any CPU
		{71F39544-B483-47A4-858E-2A55AB05B998}.Debug|Any CPU.Build.0 = Debug|Any CPU
		{71F39544-B483-47A4-858E-2A55AB05B998}.Release|Any CPU.ActiveCfg = Release|Any CPU
		{71F39544-B483-47A4-858E-2A55AB05B998}.Release|Any CPU.Build.0 = Release|Any CPU
	EndGlobalSection
	GlobalSection(SolutionProperties) = preSolution
		HideSolutionNode = FALSE
	EndGlobalSection
	GlobalSection(NestedProjects) = preSolution
		{71F39544-B483-47A4-858E-2A55AB05B998} = {F2E7A0A3-E35B-4891-A97C-AABB0CCE2DDB}
	EndGlobalSection
	GlobalSection(ExtensibilityGlobals) = postSolution
		SolutionGuid = {AB361F5D-A586-489F-BE2A-9BA764BA63B1}
	EndGlobalSection
EndGlobal
